// !$*UTF8*$!
{
	archiveVersion = 1;
	classes = {
	};
	objectVersion = 56;
	objects = {

/* Begin PBXBuildFile section */
		EEC299412C48168C00F74929 /* LiveActivityTimerPlaygroundAppApp.swift in Sources */ = {isa = PBXBuildFile; fileRef = EEC299402C48168C00F74929 /* LiveActivityTimerPlaygroundAppApp.swift */; };
		EEC299432C48168C00F74929 /* ContentView.swift in Sources */ = {isa = PBXBuildFile; fileRef = EEC299422C48168C00F74929 /* ContentView.swift */; };
		EEC299452C48168E00F74929 /* Assets.xcassets in Resources */ = {isa = PBXBuildFile; fileRef = EEC299442C48168E00F74929 /* Assets.xcassets */; };
		EEC299482C48168E00F74929 /* Preview Assets.xcassets in Resources */ = {isa = PBXBuildFile; fileRef = EEC299472C48168E00F74929 /* Preview Assets.xcassets */; };
		EEC299522C48168E00F74929 /* LiveActivityTimerPlaygroundAppTests.swift in Sources */ = {isa = PBXBuildFile; fileRef = EEC299512C48168E00F74929 /* LiveActivityTimerPlaygroundAppTests.swift */; };
		EEC2995C2C48168E00F74929 /* LiveActivityTimerPlaygroundAppUITests.swift in Sources */ = {isa = PBXBuildFile; fileRef = EEC2995B2C48168E00F74929 /* LiveActivityTimerPlaygroundAppUITests.swift */; };
		EEC2995E2C48168E00F74929 /* LiveActivityTimerPlaygroundAppUITestsLaunchTests.swift in Sources */ = {isa = PBXBuildFile; fileRef = EEC2995D2C48168E00F74929 /* LiveActivityTimerPlaygroundAppUITestsLaunchTests.swift */; };
		EEC2996B2C4816DE00F74929 /* CircleTimerView.swift in Sources */ = {isa = PBXBuildFile; fileRef = EEC2996A2C4816DE00F74929 /* CircleTimerView.swift */; };
		EEC299732C48284D00F74929 /* WidgetKit.framework in Frameworks */ = {isa = PBXBuildFile; fileRef = EEC299722C48284D00F74929 /* WidgetKit.framework */; };
		EEC299752C48284D00F74929 /* SwiftUI.framework in Frameworks */ = {isa = PBXBuildFile; fileRef = EEC299742C48284D00F74929 /* SwiftUI.framework */; };
		EEC299782C48284D00F74929 /* TimerWidgetBundle.swift in Sources */ = {isa = PBXBuildFile; fileRef = EEC299772C48284D00F74929 /* TimerWidgetBundle.swift */; };
		EEC2997A2C48284D00F74929 /* TimerWidgetLiveActivity.swift in Sources */ = {isa = PBXBuildFile; fileRef = EEC299792C48284D00F74929 /* TimerWidgetLiveActivity.swift */; };
		EEC2997C2C48284D00F74929 /* TimerWidget.swift in Sources */ = {isa = PBXBuildFile; fileRef = EEC2997B2C48284D00F74929 /* TimerWidget.swift */; };
		EEC2997E2C48284D00F74929 /* AppIntent.swift in Sources */ = {isa = PBXBuildFile; fileRef = EEC2997D2C48284D00F74929 /* AppIntent.swift */; };
		EEC299802C48284E00F74929 /* Assets.xcassets in Resources */ = {isa = PBXBuildFile; fileRef = EEC2997F2C48284E00F74929 /* Assets.xcassets */; };
		EEC299842C48284E00F74929 /* TimerWidgetExtension.appex in Embed Foundation Extensions */ = {isa = PBXBuildFile; fileRef = EEC299702C48284D00F74929 /* TimerWidgetExtension.appex */; settings = {ATTRIBUTES = (RemoveHeadersOnCopy, ); }; };
		EEC2998A2C4828E200F74929 /* TimerAttributes.swift in Sources */ = {isa = PBXBuildFile; fileRef = EEC299892C4828E200F74929 /* TimerAttributes.swift */; };
		EEC2998B2C4828E200F74929 /* TimerAttributes.swift in Sources */ = {isa = PBXBuildFile; fileRef = EEC299892C4828E200F74929 /* TimerAttributes.swift */; };
/* End PBXBuildFile section */

/* Begin PBXContainerItemProxy section */
		EEC2994E2C48168E00F74929 /* PBXContainerItemProxy */ = {
			isa = PBXContainerItemProxy;
			containerPortal = EEC299352C48168C00F74929 /* Project object */;
			proxyType = 1;
			remoteGlobalIDString = EEC2993C2C48168C00F74929;
			remoteInfo = LiveActivityTimerPlaygroundApp;
		};
		EEC299582C48168E00F74929 /* PBXContainerItemProxy */ = {
			isa = PBXContainerItemProxy;
			containerPortal = EEC299352C48168C00F74929 /* Project object */;
			proxyType = 1;
			remoteGlobalIDString = EEC2993C2C48168C00F74929;
			remoteInfo = LiveActivityTimerPlaygroundApp;
		};
		EEC299822C48284E00F74929 /* PBXContainerItemProxy */ = {
			isa = PBXContainerItemProxy;
			containerPortal = EEC299352C48168C00F74929 /* Project object */;
			proxyType = 1;
			remoteGlobalIDString = EEC2996F2C48284D00F74929;
			remoteInfo = TimerWidgetExtension;
		};
/* End PBXContainerItemProxy section */

/* Begin PBXCopyFilesBuildPhase section */
		EEC299882C48284E00F74929 /* Embed Foundation Extensions */ = {
			isa = PBXCopyFilesBuildPhase;
			buildActionMask = 2147483647;
			dstPath = "";
			dstSubfolderSpec = 13;
			files = (
				EEC299842C48284E00F74929 /* TimerWidgetExtension.appex in Embed Foundation Extensions */,
			);
			name = "Embed Foundation Extensions";
			runOnlyForDeploymentPostprocessing = 0;
		};
/* End PBXCopyFilesBuildPhase section */

/* Begin PBXFileReference section */
		EEC2993D2C48168C00F74929 /* LiveActivityTimerPlaygroundApp.app */ = {isa = PBXFileReference; explicitFileType = wrapper.application; includeInIndex = 0; path = LiveActivityTimerPlaygroundApp.app; sourceTree = BUILT_PRODUCTS_DIR; };
		EEC299402C48168C00F74929 /* LiveActivityTimerPlaygroundAppApp.swift */ = {isa = PBXFileReference; lastKnownFileType = sourcecode.swift; path = LiveActivityTimerPlaygroundAppApp.swift; sourceTree = "<group>"; };
		EEC299422C48168C00F74929 /* ContentView.swift */ = {isa = PBXFileReference; lastKnownFileType = sourcecode.swift; path = ContentView.swift; sourceTree = "<group>"; };
		EEC299442C48168E00F74929 /* Assets.xcassets */ = {isa = PBXFileReference; lastKnownFileType = folder.assetcatalog; path = Assets.xcassets; sourceTree = "<group>"; };
		EEC299472C48168E00F74929 /* Preview Assets.xcassets */ = {isa = PBXFileReference; lastKnownFileType = folder.assetcatalog; path = "Preview Assets.xcassets"; sourceTree = "<group>"; };
		EEC2994D2C48168E00F74929 /* LiveActivityTimerPlaygroundAppTests.xctest */ = {isa = PBXFileReference; explicitFileType = wrapper.cfbundle; includeInIndex = 0; path = LiveActivityTimerPlaygroundAppTests.xctest; sourceTree = BUILT_PRODUCTS_DIR; };
		EEC299512C48168E00F74929 /* LiveActivityTimerPlaygroundAppTests.swift */ = {isa = PBXFileReference; lastKnownFileType = sourcecode.swift; path = LiveActivityTimerPlaygroundAppTests.swift; sourceTree = "<group>"; };
		EEC299572C48168E00F74929 /* LiveActivityTimerPlaygroundAppUITests.xctest */ = {isa = PBXFileReference; explicitFileType = wrapper.cfbundle; includeInIndex = 0; path = LiveActivityTimerPlaygroundAppUITests.xctest; sourceTree = BUILT_PRODUCTS_DIR; };
		EEC2995B2C48168E00F74929 /* LiveActivityTimerPlaygroundAppUITests.swift */ = {isa = PBXFileReference; lastKnownFileType = sourcecode.swift; path = LiveActivityTimerPlaygroundAppUITests.swift; sourceTree = "<group>"; };
		EEC2995D2C48168E00F74929 /* LiveActivityTimerPlaygroundAppUITestsLaunchTests.swift */ = {isa = PBXFileReference; lastKnownFileType = sourcecode.swift; path = LiveActivityTimerPlaygroundAppUITestsLaunchTests.swift; sourceTree = "<group>"; };
		EEC2996A2C4816DE00F74929 /* CircleTimerView.swift */ = {isa = PBXFileReference; lastKnownFileType = sourcecode.swift; path = CircleTimerView.swift; sourceTree = "<group>"; };
		EEC299702C48284D00F74929 /* TimerWidgetExtension.appex */ = {isa = PBXFileReference; explicitFileType = "wrapper.app-extension"; includeInIndex = 0; path = TimerWidgetExtension.appex; sourceTree = BUILT_PRODUCTS_DIR; };
		EEC299722C48284D00F74929 /* WidgetKit.framework */ = {isa = PBXFileReference; lastKnownFileType = wrapper.framework; name = WidgetKit.framework; path = System/Library/Frameworks/WidgetKit.framework; sourceTree = SDKROOT; };
		EEC299742C48284D00F74929 /* SwiftUI.framework */ = {isa = PBXFileReference; lastKnownFileType = wrapper.framework; name = SwiftUI.framework; path = System/Library/Frameworks/SwiftUI.framework; sourceTree = SDKROOT; };
		EEC299772C48284D00F74929 /* TimerWidgetBundle.swift */ = {isa = PBXFileReference; lastKnownFileType = sourcecode.swift; path = TimerWidgetBundle.swift; sourceTree = "<group>"; };
		EEC299792C48284D00F74929 /* TimerWidgetLiveActivity.swift */ = {isa = PBXFileReference; lastKnownFileType = sourcecode.swift; path = TimerWidgetLiveActivity.swift; sourceTree = "<group>"; };
		EEC2997B2C48284D00F74929 /* TimerWidget.swift */ = {isa = PBXFileReference; lastKnownFileType = sourcecode.swift; path = TimerWidget.swift; sourceTree = "<group>"; };
		EEC2997D2C48284D00F74929 /* AppIntent.swift */ = {isa = PBXFileReference; lastKnownFileType = sourcecode.swift; path = AppIntent.swift; sourceTree = "<group>"; };
		EEC2997F2C48284E00F74929 /* Assets.xcassets */ = {isa = PBXFileReference; lastKnownFileType = folder.assetcatalog; path = Assets.xcassets; sourceTree = "<group>"; };
		EEC299812C48284E00F74929 /* Info.plist */ = {isa = PBXFileReference; lastKnownFileType = text.plist.xml; path = Info.plist; sourceTree = "<group>"; };
		EEC299892C4828E200F74929 /* TimerAttributes.swift */ = {isa = PBXFileReference; lastKnownFileType = sourcecode.swift; path = TimerAttributes.swift; sourceTree = "<group>"; };
/* End PBXFileReference section */

/* Begin PBXFrameworksBuildPhase section */
		EEC2993A2C48168C00F74929 /* Frameworks */ = {
			isa = PBXFrameworksBuildPhase;
			buildActionMask = 2147483647;
			files = (
			);
			runOnlyForDeploymentPostprocessing = 0;
		};
		EEC2994A2C48168E00F74929 /* Frameworks */ = {
			isa = PBXFrameworksBuildPhase;
			buildActionMask = 2147483647;
			files = (
			);
			runOnlyForDeploymentPostprocessing = 0;
		};
		EEC299542C48168E00F74929 /* Frameworks */ = {
			isa = PBXFrameworksBuildPhase;
			buildActionMask = 2147483647;
			files = (
			);
			runOnlyForDeploymentPostprocessing = 0;
		};
		EEC2996D2C48284D00F74929 /* Frameworks */ = {
			isa = PBXFrameworksBuildPhase;
			buildActionMask = 2147483647;
			files = (
				EEC299752C48284D00F74929 /* SwiftUI.framework in Frameworks */,
				EEC299732C48284D00F74929 /* WidgetKit.framework in Frameworks */,
			);
			runOnlyForDeploymentPostprocessing = 0;
		};
/* End PBXFrameworksBuildPhase section */

/* Begin PBXGroup section */
		EEC299342C48168C00F74929 = {
			isa = PBXGroup;
			children = (
				EEC2993F2C48168C00F74929 /* LiveActivityTimerPlaygroundApp */,
				EEC299502C48168E00F74929 /* LiveActivityTimerPlaygroundAppTests */,
				EEC2995A2C48168E00F74929 /* LiveActivityTimerPlaygroundAppUITests */,
				EEC299762C48284D00F74929 /* TimerWidget */,
				EEC299712C48284D00F74929 /* Frameworks */,
				EEC2993E2C48168C00F74929 /* Products */,
			);
			sourceTree = "<group>";
		};
		EEC2993E2C48168C00F74929 /* Products */ = {
			isa = PBXGroup;
			children = (
				EEC2993D2C48168C00F74929 /* LiveActivityTimerPlaygroundApp.app */,
				EEC2994D2C48168E00F74929 /* LiveActivityTimerPlaygroundAppTests.xctest */,
				EEC299572C48168E00F74929 /* LiveActivityTimerPlaygroundAppUITests.xctest */,
				EEC299702C48284D00F74929 /* TimerWidgetExtension.appex */,
			);
			name = Products;
			sourceTree = "<group>";
		};
		EEC2993F2C48168C00F74929 /* LiveActivityTimerPlaygroundApp */ = {
			isa = PBXGroup;
			children = (
				EEC299402C48168C00F74929 /* LiveActivityTimerPlaygroundAppApp.swift */,
				EEC299422C48168C00F74929 /* ContentView.swift */,
				EEC2996A2C4816DE00F74929 /* CircleTimerView.swift */,
				EEC299442C48168E00F74929 /* Assets.xcassets */,
				EEC299462C48168E00F74929 /* Preview Content */,
				EEC299892C4828E200F74929 /* TimerAttributes.swift */,
			);
			path = LiveActivityTimerPlaygroundApp;
			sourceTree = "<group>";
		};
		EEC299462C48168E00F74929 /* Preview Content */ = {
			isa = PBXGroup;
			children = (
				EEC299472C48168E00F74929 /* Preview Assets.xcassets */,
			);
			path = "Preview Content";
			sourceTree = "<group>";
		};
		EEC299502C48168E00F74929 /* LiveActivityTimerPlaygroundAppTests */ = {
			isa = PBXGroup;
			children = (
				EEC299512C48168E00F74929 /* LiveActivityTimerPlaygroundAppTests.swift */,
			);
			path = LiveActivityTimerPlaygroundAppTests;
			sourceTree = "<group>";
		};
		EEC2995A2C48168E00F74929 /* LiveActivityTimerPlaygroundAppUITests */ = {
			isa = PBXGroup;
			children = (
				EEC2995B2C48168E00F74929 /* LiveActivityTimerPlaygroundAppUITests.swift */,
				EEC2995D2C48168E00F74929 /* LiveActivityTimerPlaygroundAppUITestsLaunchTests.swift */,
			);
			path = LiveActivityTimerPlaygroundAppUITests;
			sourceTree = "<group>";
		};
		EEC299712C48284D00F74929 /* Frameworks */ = {
			isa = PBXGroup;
			children = (
				EEC299722C48284D00F74929 /* WidgetKit.framework */,
				EEC299742C48284D00F74929 /* SwiftUI.framework */,
			);
			name = Frameworks;
			sourceTree = "<group>";
		};
		EEC299762C48284D00F74929 /* TimerWidget */ = {
			isa = PBXGroup;
			children = (
				EEC299772C48284D00F74929 /* TimerWidgetBundle.swift */,
				EEC299792C48284D00F74929 /* TimerWidgetLiveActivity.swift */,
				EEC2997B2C48284D00F74929 /* TimerWidget.swift */,
				EEC2997D2C48284D00F74929 /* AppIntent.swift */,
				EEC2997F2C48284E00F74929 /* Assets.xcassets */,
				EEC299812C48284E00F74929 /* Info.plist */,
			);
			path = TimerWidget;
			sourceTree = "<group>";
		};
/* End PBXGroup section */

/* Begin PBXNativeTarget section */
		EEC2993C2C48168C00F74929 /* LiveActivityTimerPlaygroundApp */ = {
			isa = PBXNativeTarget;
			buildConfigurationList = EEC299612C48168E00F74929 /* Build configuration list for PBXNativeTarget "LiveActivityTimerPlaygroundApp" */;
			buildPhases = (
				EEC299392C48168C00F74929 /* Sources */,
				EEC2993A2C48168C00F74929 /* Frameworks */,
				EEC2993B2C48168C00F74929 /* Resources */,
				EEC299882C48284E00F74929 /* Embed Foundation Extensions */,
			);
			buildRules = (
			);
			dependencies = (
				EEC299832C48284E00F74929 /* PBXTargetDependency */,
			);
			name = LiveActivityTimerPlaygroundApp;
			productName = LiveActivityTimerPlaygroundApp;
			productReference = EEC2993D2C48168C00F74929 /* LiveActivityTimerPlaygroundApp.app */;
			productType = "com.apple.product-type.application";
		};
		EEC2994C2C48168E00F74929 /* LiveActivityTimerPlaygroundAppTests */ = {
			isa = PBXNativeTarget;
			buildConfigurationList = EEC299642C48168E00F74929 /* Build configuration list for PBXNativeTarget "LiveActivityTimerPlaygroundAppTests" */;
			buildPhases = (
				EEC299492C48168E00F74929 /* Sources */,
				EEC2994A2C48168E00F74929 /* Frameworks */,
				EEC2994B2C48168E00F74929 /* Resources */,
			);
			buildRules = (
			);
			dependencies = (
				EEC2994F2C48168E00F74929 /* PBXTargetDependency */,
			);
			name = LiveActivityTimerPlaygroundAppTests;
			productName = LiveActivityTimerPlaygroundAppTests;
			productReference = EEC2994D2C48168E00F74929 /* LiveActivityTimerPlaygroundAppTests.xctest */;
			productType = "com.apple.product-type.bundle.unit-test";
		};
		EEC299562C48168E00F74929 /* LiveActivityTimerPlaygroundAppUITests */ = {
			isa = PBXNativeTarget;
			buildConfigurationList = EEC299672C48168E00F74929 /* Build configuration list for PBXNativeTarget "LiveActivityTimerPlaygroundAppUITests" */;
			buildPhases = (
				EEC299532C48168E00F74929 /* Sources */,
				EEC299542C48168E00F74929 /* Frameworks */,
				EEC299552C48168E00F74929 /* Resources */,
			);
			buildRules = (
			);
			dependencies = (
				EEC299592C48168E00F74929 /* PBXTargetDependency */,
			);
			name = LiveActivityTimerPlaygroundAppUITests;
			productName = LiveActivityTimerPlaygroundAppUITests;
			productReference = EEC299572C48168E00F74929 /* LiveActivityTimerPlaygroundAppUITests.xctest */;
			productType = "com.apple.product-type.bundle.ui-testing";
		};
		EEC2996F2C48284D00F74929 /* TimerWidgetExtension */ = {
			isa = PBXNativeTarget;
			buildConfigurationList = EEC299852C48284E00F74929 /* Build configuration list for PBXNativeTarget "TimerWidgetExtension" */;
			buildPhases = (
				EEC2996C2C48284D00F74929 /* Sources */,
				EEC2996D2C48284D00F74929 /* Frameworks */,
				EEC2996E2C48284D00F74929 /* Resources */,
			);
			buildRules = (
			);
			dependencies = (
			);
			name = TimerWidgetExtension;
			productName = TimerWidgetExtension;
			productReference = EEC299702C48284D00F74929 /* TimerWidgetExtension.appex */;
			productType = "com.apple.product-type.app-extension";
		};
/* End PBXNativeTarget section */

/* Begin PBXProject section */
		EEC299352C48168C00F74929 /* Project object */ = {
			isa = PBXProject;
			attributes = {
				BuildIndependentTargetsInParallel = 1;
				LastSwiftUpdateCheck = 1540;
				LastUpgradeCheck = 1540;
				TargetAttributes = {
					EEC2993C2C48168C00F74929 = {
						CreatedOnToolsVersion = 15.4;
					};
					EEC2994C2C48168E00F74929 = {
						CreatedOnToolsVersion = 15.4;
						TestTargetID = EEC2993C2C48168C00F74929;
					};
					EEC299562C48168E00F74929 = {
						CreatedOnToolsVersion = 15.4;
						TestTargetID = EEC2993C2C48168C00F74929;
					};
					EEC2996F2C48284D00F74929 = {
						CreatedOnToolsVersion = 15.4;
					};
				};
			};
			buildConfigurationList = EEC299382C48168C00F74929 /* Build configuration list for PBXProject "LiveActivityTimerPlaygroundApp" */;
			compatibilityVersion = "Xcode 14.0";
			developmentRegion = en;
			hasScannedForEncodings = 0;
			knownRegions = (
				en,
				Base,
			);
			mainGroup = EEC299342C48168C00F74929;
			productRefGroup = EEC2993E2C48168C00F74929 /* Products */;
			projectDirPath = "";
			projectRoot = "";
			targets = (
				EEC2993C2C48168C00F74929 /* LiveActivityTimerPlaygroundApp */,
				EEC2994C2C48168E00F74929 /* LiveActivityTimerPlaygroundAppTests */,
				EEC299562C48168E00F74929 /* LiveActivityTimerPlaygroundAppUITests */,
				EEC2996F2C48284D00F74929 /* TimerWidgetExtension */,
			);
		};
/* End PBXProject section */

/* Begin PBXResourcesBuildPhase section */
		EEC2993B2C48168C00F74929 /* Resources */ = {
			isa = PBXResourcesBuildPhase;
			buildActionMask = 2147483647;
			files = (
				EEC299482C48168E00F74929 /* Preview Assets.xcassets in Resources */,
				EEC299452C48168E00F74929 /* Assets.xcassets in Resources */,
			);
			runOnlyForDeploymentPostprocessing = 0;
		};
		EEC2994B2C48168E00F74929 /* Resources */ = {
			isa = PBXResourcesBuildPhase;
			buildActionMask = 2147483647;
			files = (
			);
			runOnlyForDeploymentPostprocessing = 0;
		};
		EEC299552C48168E00F74929 /* Resources */ = {
			isa = PBXResourcesBuildPhase;
			buildActionMask = 2147483647;
			files = (
			);
			runOnlyForDeploymentPostprocessing = 0;
		};
		EEC2996E2C48284D00F74929 /* Resources */ = {
			isa = PBXResourcesBuildPhase;
			buildActionMask = 2147483647;
			files = (
				EEC299802C48284E00F74929 /* Assets.xcassets in Resources */,
			);
			runOnlyForDeploymentPostprocessing = 0;
		};
/* End PBXResourcesBuildPhase section */

/* Begin PBXSourcesBuildPhase section */
		EEC299392C48168C00F74929 /* Sources */ = {
			isa = PBXSourcesBuildPhase;
			buildActionMask = 2147483647;
			files = (
				EEC2998A2C4828E200F74929 /* TimerAttributes.swift in Sources */,
				EEC299432C48168C00F74929 /* ContentView.swift in Sources */,
				EEC299412C48168C00F74929 /* LiveActivityTimerPlaygroundAppApp.swift in Sources */,
				EEC2996B2C4816DE00F74929 /* CircleTimerView.swift in Sources */,
			);
			runOnlyForDeploymentPostprocessing = 0;
		};
		EEC299492C48168E00F74929 /* Sources */ = {
			isa = PBXSourcesBuildPhase;
			buildActionMask = 2147483647;
			files = (
				EEC299522C48168E00F74929 /* LiveActivityTimerPlaygroundAppTests.swift in Sources */,
			);
			runOnlyForDeploymentPostprocessing = 0;
		};
		EEC299532C48168E00F74929 /* Sources */ = {
			isa = PBXSourcesBuildPhase;
			buildActionMask = 2147483647;
			files = (
				EEC2995E2C48168E00F74929 /* LiveActivityTimerPlaygroundAppUITestsLaunchTests.swift in Sources */,
				EEC2995C2C48168E00F74929 /* LiveActivityTimerPlaygroundAppUITests.swift in Sources */,
			);
			runOnlyForDeploymentPostprocessing = 0;
		};
		EEC2996C2C48284D00F74929 /* Sources */ = {
			isa = PBXSourcesBuildPhase;
			buildActionMask = 2147483647;
			files = (
				EEC2997A2C48284D00F74929 /* TimerWidgetLiveActivity.swift in Sources */,
				EEC2997E2C48284D00F74929 /* AppIntent.swift in Sources */,
				EEC299782C48284D00F74929 /* TimerWidgetBundle.swift in Sources */,
				EEC2998B2C4828E200F74929 /* TimerAttributes.swift in Sources */,
				EEC2997C2C48284D00F74929 /* TimerWidget.swift in Sources */,
			);
			runOnlyForDeploymentPostprocessing = 0;
		};
/* End PBXSourcesBuildPhase section */

/* Begin PBXTargetDependency section */
		EEC2994F2C48168E00F74929 /* PBXTargetDependency */ = {
			isa = PBXTargetDependency;
			target = EEC2993C2C48168C00F74929 /* LiveActivityTimerPlaygroundApp */;
			targetProxy = EEC2994E2C48168E00F74929 /* PBXContainerItemProxy */;
		};
		EEC299592C48168E00F74929 /* PBXTargetDependency */ = {
			isa = PBXTargetDependency;
			target = EEC2993C2C48168C00F74929 /* LiveActivityTimerPlaygroundApp */;
			targetProxy = EEC299582C48168E00F74929 /* PBXContainerItemProxy */;
		};
		EEC299832C48284E00F74929 /* PBXTargetDependency */ = {
			isa = PBXTargetDependency;
			target = EEC2996F2C48284D00F74929 /* TimerWidgetExtension */;
			targetProxy = EEC299822C48284E00F74929 /* PBXContainerItemProxy */;
		};
/* End PBXTargetDependency section */

/* Begin XCBuildConfiguration section */
		EEC2995F2C48168E00F74929 /* Debug */ = {
			isa = XCBuildConfiguration;
			buildSettings = {
				ALWAYS_SEARCH_USER_PATHS = NO;
				ASSETCATALOG_COMPILER_GENERATE_SWIFT_ASSET_SYMBOL_EXTENSIONS = YES;
				CLANG_ANALYZER_NONNULL = YES;
				CLANG_ANALYZER_NUMBER_OBJECT_CONVERSION = YES_AGGRESSIVE;
				CLANG_CXX_LANGUAGE_STANDARD = "gnu++20";
				CLANG_ENABLE_MODULES = YES;
				CLANG_ENABLE_OBJC_ARC = YES;
				CLANG_ENABLE_OBJC_WEAK = YES;
				CLANG_WARN_BLOCK_CAPTURE_AUTORELEASING = YES;
				CLANG_WARN_BOOL_CONVERSION = YES;
				CLANG_WARN_COMMA = YES;
				CLANG_WARN_CONSTANT_CONVERSION = YES;
				CLANG_WARN_DEPRECATED_OBJC_IMPLEMENTATIONS = YES;
				CLANG_WARN_DIRECT_OBJC_ISA_USAGE = YES_ERROR;
				CLANG_WARN_DOCUMENTATION_COMMENTS = YES;
				CLANG_WARN_EMPTY_BODY = YES;
				CLANG_WARN_ENUM_CONVERSION = YES;
				CLANG_WARN_INFINITE_RECURSION = YES;
				CLANG_WARN_INT_CONVERSION = YES;
				CLANG_WARN_NON_LITERAL_NULL_CONVERSION = YES;
				CLANG_WARN_OBJC_IMPLICIT_RETAIN_SELF = YES;
				CLANG_WARN_OBJC_LITERAL_CONVERSION = YES;
				CLANG_WARN_OBJC_ROOT_CLASS = YES_ERROR;
				CLANG_WARN_QUOTED_INCLUDE_IN_FRAMEWORK_HEADER = YES;
				CLANG_WARN_RANGE_LOOP_ANALYSIS = YES;
				CLANG_WARN_STRICT_PROTOTYPES = YES;
				CLANG_WARN_SUSPICIOUS_MOVE = YES;
				CLANG_WARN_UNGUARDED_AVAILABILITY = YES_AGGRESSIVE;
				CLANG_WARN_UNREACHABLE_CODE = YES;
				CLANG_WARN__DUPLICATE_METHOD_MATCH = YES;
				COPY_PHASE_STRIP = NO;
				DEBUG_INFORMATION_FORMAT = dwarf;
				ENABLE_STRICT_OBJC_MSGSEND = YES;
				ENABLE_TESTABILITY = YES;
				ENABLE_USER_SCRIPT_SANDBOXING = YES;
				GCC_C_LANGUAGE_STANDARD = gnu17;
				GCC_DYNAMIC_NO_PIC = NO;
				GCC_NO_COMMON_BLOCKS = YES;
				GCC_OPTIMIZATION_LEVEL = 0;
				GCC_PREPROCESSOR_DEFINITIONS = (
					"DEBUG=1",
					"$(inherited)",
				);
				GCC_WARN_64_TO_32_BIT_CONVERSION = YES;
				GCC_WARN_ABOUT_RETURN_TYPE = YES_ERROR;
				GCC_WARN_UNDECLARED_SELECTOR = YES;
				GCC_WARN_UNINITIALIZED_AUTOS = YES_AGGRESSIVE;
				GCC_WARN_UNUSED_FUNCTION = YES;
				GCC_WARN_UNUSED_VARIABLE = YES;
				IPHONEOS_DEPLOYMENT_TARGET = 17.5;
				LOCALIZATION_PREFERS_STRING_CATALOGS = YES;
				MTL_ENABLE_DEBUG_INFO = INCLUDE_SOURCE;
				MTL_FAST_MATH = YES;
				ONLY_ACTIVE_ARCH = YES;
				SDKROOT = iphoneos;
				SWIFT_ACTIVE_COMPILATION_CONDITIONS = "DEBUG $(inherited)";
				SWIFT_OPTIMIZATION_LEVEL = "-Onone";
			};
			name = Debug;
		};
		EEC299602C48168E00F74929 /* Release */ = {
			isa = XCBuildConfiguration;
			buildSettings = {
				ALWAYS_SEARCH_USER_PATHS = NO;
				ASSETCATALOG_COMPILER_GENERATE_SWIFT_ASSET_SYMBOL_EXTENSIONS = YES;
				CLANG_ANALYZER_NONNULL = YES;
				CLANG_ANALYZER_NUMBER_OBJECT_CONVERSION = YES_AGGRESSIVE;
				CLANG_CXX_LANGUAGE_STANDARD = "gnu++20";
				CLANG_ENABLE_MODULES = YES;
				CLANG_ENABLE_OBJC_ARC = YES;
				CLANG_ENABLE_OBJC_WEAK = YES;
				CLANG_WARN_BLOCK_CAPTURE_AUTORELEASING = YES;
				CLANG_WARN_BOOL_CONVERSION = YES;
				CLANG_WARN_COMMA = YES;
				CLANG_WARN_CONSTANT_CONVERSION = YES;
				CLANG_WARN_DEPRECATED_OBJC_IMPLEMENTATIONS = YES;
				CLANG_WARN_DIRECT_OBJC_ISA_USAGE = YES_ERROR;
				CLANG_WARN_DOCUMENTATION_COMMENTS = YES;
				CLANG_WARN_EMPTY_BODY = YES;
				CLANG_WARN_ENUM_CONVERSION = YES;
				CLANG_WARN_INFINITE_RECURSION = YES;
				CLANG_WARN_INT_CONVERSION = YES;
				CLANG_WARN_NON_LITERAL_NULL_CONVERSION = YES;
				CLANG_WARN_OBJC_IMPLICIT_RETAIN_SELF = YES;
				CLANG_WARN_OBJC_LITERAL_CONVERSION = YES;
				CLANG_WARN_OBJC_ROOT_CLASS = YES_ERROR;
				CLANG_WARN_QUOTED_INCLUDE_IN_FRAMEWORK_HEADER = YES;
				CLANG_WARN_RANGE_LOOP_ANALYSIS = YES;
				CLANG_WARN_STRICT_PROTOTYPES = YES;
				CLANG_WARN_SUSPICIOUS_MOVE = YES;
				CLANG_WARN_UNGUARDED_AVAILABILITY = YES_AGGRESSIVE;
				CLANG_WARN_UNREACHABLE_CODE = YES;
				CLANG_WARN__DUPLICATE_METHOD_MATCH = YES;
				COPY_PHASE_STRIP = NO;
				DEBUG_INFORMATION_FORMAT = "dwarf-with-dsym";
				ENABLE_NS_ASSERTIONS = NO;
				ENABLE_STRICT_OBJC_MSGSEND = YES;
				ENABLE_USER_SCRIPT_SANDBOXING = YES;
				GCC_C_LANGUAGE_STANDARD = gnu17;
				GCC_NO_COMMON_BLOCKS = YES;
				GCC_WARN_64_TO_32_BIT_CONVERSION = YES;
				GCC_WARN_ABOUT_RETURN_TYPE = YES_ERROR;
				GCC_WARN_UNDECLARED_SELECTOR = YES;
				GCC_WARN_UNINITIALIZED_AUTOS = YES_AGGRESSIVE;
				GCC_WARN_UNUSED_FUNCTION = YES;
				GCC_WARN_UNUSED_VARIABLE = YES;
				IPHONEOS_DEPLOYMENT_TARGET = 17.5;
				LOCALIZATION_PREFERS_STRING_CATALOGS = YES;
				MTL_ENABLE_DEBUG_INFO = NO;
				MTL_FAST_MATH = YES;
				SDKROOT = iphoneos;
				SWIFT_COMPILATION_MODE = wholemodule;
				VALIDATE_PRODUCT = YES;
			};
			name = Release;
		};
		EEC299622C48168E00F74929 /* Debug */ = {
			isa = XCBuildConfiguration;
			buildSettings = {
				ALWAYS_EMBED_SWIFT_STANDARD_LIBRARIES = YES;
				ASSETCATALOG_COMPILER_APPICON_NAME = AppIcon;
				ASSETCATALOG_COMPILER_GLOBAL_ACCENT_COLOR_NAME = AccentColor;
				CODE_SIGN_STYLE = Automatic;
				CURRENT_PROJECT_VERSION = 1;
				DEVELOPMENT_ASSET_PATHS = "\"LiveActivityTimerPlaygroundApp/Preview Content\"";
				DEVELOPMENT_TEAM = Q2GF246PPB;
				ENABLE_PREVIEWS = YES;
				GENERATE_INFOPLIST_FILE = YES;
				INFOPLIST_KEY_NSSupportsLiveActivities = YES;
				INFOPLIST_KEY_UIApplicationSceneManifest_Generation = YES;
				INFOPLIST_KEY_UIApplicationSupportsIndirectInputEvents = YES;
				INFOPLIST_KEY_UILaunchScreen_Generation = YES;
				INFOPLIST_KEY_UISupportedInterfaceOrientations_iPad = "UIInterfaceOrientationPortrait UIInterfaceOrientationPortraitUpsideDown UIInterfaceOrientationLandscapeLeft UIInterfaceOrientationLandscapeRight";
				INFOPLIST_KEY_UISupportedInterfaceOrientations_iPhone = "UIInterfaceOrientationPortrait UIInterfaceOrientationLandscapeLeft UIInterfaceOrientationLandscapeRight";
				LD_RUNPATH_SEARCH_PATHS = (
					"$(inherited)",
					"@executable_path/Frameworks",
				);
				MARKETING_VERSION = 1.0;
				PRODUCT_BUNDLE_IDENTIFIER = danielyankiver.com.LiveActivityTimerPlaygroundApp;
				PRODUCT_NAME = "$(TARGET_NAME)";
				SWIFT_EMIT_LOC_STRINGS = YES;
				SWIFT_VERSION = 5.0;
				TARGETED_DEVICE_FAMILY = "1,2";
			};
			name = Debug;
		};
		EEC299632C48168E00F74929 /* Release */ = {
			isa = XCBuildConfiguration;
			buildSettings = {
				ALWAYS_EMBED_SWIFT_STANDARD_LIBRARIES = YES;
				ASSETCATALOG_COMPILER_APPICON_NAME = AppIcon;
				ASSETCATALOG_COMPILER_GLOBAL_ACCENT_COLOR_NAME = AccentColor;
				CODE_SIGN_STYLE = Automatic;
				CURRENT_PROJECT_VERSION = 1;
				DEVELOPMENT_ASSET_PATHS = "\"LiveActivityTimerPlaygroundApp/Preview Content\"";
				DEVELOPMENT_TEAM = Q2GF246PPB;
				ENABLE_PREVIEWS = YES;
				GENERATE_INFOPLIST_FILE = YES;
				INFOPLIST_KEY_NSSupportsLiveActivities = YES;
				INFOPLIST_KEY_UIApplicationSceneManifest_Generation = YES;
				INFOPLIST_KEY_UIApplicationSupportsIndirectInputEvents = YES;
				INFOPLIST_KEY_UILaunchScreen_Generation = YES;
				INFOPLIST_KEY_UISupportedInterfaceOrientations_iPad = "UIInterfaceOrientationPortrait UIInterfaceOrientationPortraitUpsideDown UIInterfaceOrientationLandscapeLeft UIInterfaceOrientationLandscapeRight";
				INFOPLIST_KEY_UISupportedInterfaceOrientations_iPhone = "UIInterfaceOrientationPortrait UIInterfaceOrientationLandscapeLeft UIInterfaceOrientationLandscapeRight";
				LD_RUNPATH_SEARCH_PATHS = (
					"$(inherited)",
					"@executable_path/Frameworks",
				);
				MARKETING_VERSION = 1.0;
				PRODUCT_BUNDLE_IDENTIFIER = danielyankiver.com.LiveActivityTimerPlaygroundApp;
				PRODUCT_NAME = "$(TARGET_NAME)";
				SWIFT_EMIT_LOC_STRINGS = YES;
				SWIFT_VERSION = 5.0;
				TARGETED_DEVICE_FAMILY = "1,2";
			};
			name = Release;
		};
		EEC299652C48168E00F74929 /* Debug */ = {
			isa = XCBuildConfiguration;
			buildSettings = {
				ALWAYS_EMBED_SWIFT_STANDARD_LIBRARIES = YES;
				BUNDLE_LOADER = "$(TEST_HOST)";
				CODE_SIGN_STYLE = Automatic;
				CURRENT_PROJECT_VERSION = 1;
				DEVELOPMENT_TEAM = Q2GF246PPB;
				GENERATE_INFOPLIST_FILE = YES;
				IPHONEOS_DEPLOYMENT_TARGET = 17.5;
				MARKETING_VERSION = 1.0;
				PRODUCT_BUNDLE_IDENTIFIER = danielyankiver.com.LiveActivityTimerPlaygroundAppTests;
				PRODUCT_NAME = "$(TARGET_NAME)";
				SWIFT_EMIT_LOC_STRINGS = NO;
				SWIFT_VERSION = 5.0;
				TARGETED_DEVICE_FAMILY = "1,2";
				TEST_HOST = "$(BUILT_PRODUCTS_DIR)/LiveActivityTimerPlaygroundApp.app/$(BUNDLE_EXECUTABLE_FOLDER_PATH)/LiveActivityTimerPlaygroundApp";
			};
			name = Debug;
		};
		EEC299662C48168E00F74929 /* Release */ = {
			isa = XCBuildConfiguration;
			buildSettings = {
				ALWAYS_EMBED_SWIFT_STANDARD_LIBRARIES = YES;
				BUNDLE_LOADER = "$(TEST_HOST)";
				CODE_SIGN_STYLE = Automatic;
				CURRENT_PROJECT_VERSION = 1;
				DEVELOPMENT_TEAM = Q2GF246PPB;
				GENERATE_INFOPLIST_FILE = YES;
				IPHONEOS_DEPLOYMENT_TARGET = 17.5;
				MARKETING_VERSION = 1.0;
				PRODUCT_BUNDLE_IDENTIFIER = danielyankiver.com.LiveActivityTimerPlaygroundAppTests;
				PRODUCT_NAME = "$(TARGET_NAME)";
				SWIFT_EMIT_LOC_STRINGS = NO;
				SWIFT_VERSION = 5.0;
				TARGETED_DEVICE_FAMILY = "1,2";
				TEST_HOST = "$(BUILT_PRODUCTS_DIR)/LiveActivityTimerPlaygroundApp.app/$(BUNDLE_EXECUTABLE_FOLDER_PATH)/LiveActivityTimerPlaygroundApp";
			};
			name = Release;
		};
		EEC299682C48168E00F74929 /* Debug */ = {
			isa = XCBuildConfiguration;
			buildSettings = {
				ALWAYS_EMBED_SWIFT_STANDARD_LIBRARIES = YES;
				CODE_SIGN_STYLE = Automatic;
				CURRENT_PROJECT_VERSION = 1;
				DEVELOPMENT_TEAM = Q2GF246PPB;
				GENERATE_INFOPLIST_FILE = YES;
				MARKETING_VERSION = 1.0;
				PRODUCT_BUNDLE_IDENTIFIER = danielyankiver.com.LiveActivityTimerPlaygroundAppUITests;
				PRODUCT_NAME = "$(TARGET_NAME)";
				SWIFT_EMIT_LOC_STRINGS = NO;
				SWIFT_VERSION = 5.0;
				TARGETED_DEVICE_FAMILY = "1,2";
				TEST_TARGET_NAME = LiveActivityTimerPlaygroundApp;
			};
			name = Debug;
		};
		EEC299692C48168E00F74929 /* Release */ = {
			isa = XCBuildConfiguration;
			buildSettings = {
				ALWAYS_EMBED_SWIFT_STANDARD_LIBRARIES = YES;
				CODE_SIGN_STYLE = Automatic;
				CURRENT_PROJECT_VERSION = 1;
				DEVELOPMENT_TEAM = Q2GF246PPB;
				GENERATE_INFOPLIST_FILE = YES;
				MARKETING_VERSION = 1.0;
				PRODUCT_BUNDLE_IDENTIFIER = danielyankiver.com.LiveActivityTimerPlaygroundAppUITests;
				PRODUCT_NAME = "$(TARGET_NAME)";
				SWIFT_EMIT_LOC_STRINGS = NO;
				SWIFT_VERSION = 5.0;
				TARGETED_DEVICE_FAMILY = "1,2";
				TEST_TARGET_NAME = LiveActivityTimerPlaygroundApp;
			};
			name = Release;
		};
		EEC299862C48284E00F74929 /* Debug */ = {
			isa = XCBuildConfiguration;
			buildSettings = {
				ASSETCATALOG_COMPILER_GLOBAL_ACCENT_COLOR_NAME = AccentColor;
				ASSETCATALOG_COMPILER_WIDGET_BACKGROUND_COLOR_NAME = WidgetBackground;
				CODE_SIGN_STYLE = Automatic;
				CURRENT_PROJECT_VERSION = 1;
				DEVELOPMENT_TEAM = Q2GF246PPB;
				GENERATE_INFOPLIST_FILE = YES;
				INFOPLIST_FILE = TimerWidget/Info.plist;
				INFOPLIST_KEY_CFBundleDisplayName = TimerWidget;
				INFOPLIST_KEY_NSHumanReadableCopyright = "";
				LD_RUNPATH_SEARCH_PATHS = (
					"$(inherited)",
					"@executable_path/Frameworks",
					"@executable_path/../../Frameworks",
				);
				MARKETING_VERSION = 1.0;
				PRODUCT_BUNDLE_IDENTIFIER = danielyankiver.com.LiveActivityTimerPlaygroundApp.TimerWidget;
				PRODUCT_NAME = "$(TARGET_NAME)";
				SKIP_INSTALL = YES;
				SWIFT_EMIT_LOC_STRINGS = YES;
				SWIFT_VERSION = 5.0;
				TARGETED_DEVICE_FAMILY = "1,2";
			};
			name = Debug;
		};
		EEC299872C48284E00F74929 /* Release */ = {
			isa = XCBuildConfiguration;
			buildSettings = {
				ASSETCATALOG_COMPILER_GLOBAL_ACCENT_COLOR_NAME = AccentColor;
				ASSETCATALOG_COMPILER_WIDGET_BACKGROUND_COLOR_NAME = WidgetBackground;
				CODE_SIGN_STYLE = Automatic;
				CURRENT_PROJECT_VERSION = 1;
				DEVELOPMENT_TEAM = Q2GF246PPB;
				GENERATE_INFOPLIST_FILE = YES;
				INFOPLIST_FILE = TimerWidget/Info.plist;
				INFOPLIST_KEY_CFBundleDisplayName = TimerWidget;
				INFOPLIST_KEY_NSHumanReadableCopyright = "";
				LD_RUNPATH_SEARCH_PATHS = (
					"$(inherited)",
					"@executable_path/Frameworks",
					"@executable_path/../../Frameworks",
				);
				MARKETING_VERSION = 1.0;
				PRODUCT_BUNDLE_IDENTIFIER = danielyankiver.com.LiveActivityTimerPlaygroundApp.TimerWidget;
				PRODUCT_NAME = "$(TARGET_NAME)";
				SKIP_INSTALL = YES;
				SWIFT_EMIT_LOC_STRINGS = YES;
				SWIFT_VERSION = 5.0;
				TARGETED_DEVICE_FAMILY = "1,2";
			};
			name = Release;
		};
/* End XCBuildConfiguration section */

/* Begin XCConfigurationList section */
		EEC299382C48168C00F74929 /* Build configuration list for PBXProject "LiveActivityTimerPlaygroundApp" */ = {
			isa = XCConfigurationList;
			buildConfigurations = (
				EEC2995F2C48168E00F74929 /* Debug */,
				EEC299602C48168E00F74929 /* Release */,
			);
			defaultConfigurationIsVisible = 0;
			defaultConfigurationName = Release;
		};
		EEC299612C48168E00F74929 /* Build configuration list for PBXNativeTarget "LiveActivityTimerPlaygroundApp" */ = {
			isa = XCConfigurationList;
			buildConfigurations = (
				EEC299622C48168E00F74929 /* Debug */,
				EEC299632C48168E00F74929 /* Release */,
			);
			defaultConfigurationIsVisible = 0;
			defaultConfigurationName = Release;
		};
		EEC299642C48168E00F74929 /* Build configuration list for PBXNativeTarget "LiveActivityTimerPlaygroundAppTests" */ = {
			isa = XCConfigurationList;
			buildConfigurations = (
				EEC299652C48168E00F74929 /* Debug */,
				EEC299662C48168E00F74929 /* Release */,
			);
			defaultConfigurationIsVisible = 0;
			defaultConfigurationName = Release;
		};
		EEC299672C48168E00F74929 /* Build configuration list for PBXNativeTarget "LiveActivityTimerPlaygroundAppUITests" */ = {
			isa = XCConfigurationList;
			buildConfigurations = (
				EEC299682C48168E00F74929 /* Debug */,
				EEC299692C48168E00F74929 /* Release */,
			);
			defaultConfigurationIsVisible = 0;
			defaultConfigurationName = Release;
		};
		EEC299852C48284E00F74929 /* Build configuration list for PBXNativeTarget "TimerWidgetExtension" */ = {
			isa = XCConfigurationList;
			buildConfigurations = (
				EEC299862C48284E00F74929 /* Debug */,
				EEC299872C48284E00F74929 /* Release */,
			);
			defaultConfigurationIsVisible = 0;
			defaultConfigurationName = Release;
		};
/* End XCConfigurationList section */
	};
	rootObject = EEC299352C48168C00F74929 /* Project object */;
}
